
Microsoft Visual Studio Solution File, Format Version 12.00
# Visual Studio 2012
VisualStudioVersion = 14.0.22310.1
MinimumVisualStudioVersion = 10.0.40219.1
Project("{2150E333-8FDC-42A3-9474-1A3956D46DE8}") = "Client", "Client", "{3CA34059-E752-4B91-8EB0-5AAEA5D78778}"
EndProject
Project("{FAE04EC0-301F-11D3-BF4B-00C04F79EFBC}") = "Pantheon.Client.Extensions", "Pantheon.Client.Extensions\Pantheon.Client.Extensions.csproj", "{0900736E-4959-4FD2-80FB-6DBF301D5E02}"
EndProject
Project("{FAE04EC0-301F-11D3-BF4B-00C04F79EFBC}") = "Pantheon.Client", "Pantheon.Client\Pantheon.Client.csproj", "{1621E2BF-4597-4B58-BFCC-313C8E504176}"
EndProject
Project("{2150E333-8FDC-42A3-9474-1A3956D46DE8}") = "Server", "Server", "{5E9928A8-7772-496C-A6CB-DD430BA0F166}"
EndProject
Project("{FAE04EC0-301F-11D3-BF4B-00C04F79EFBC}") = "Pantheon.Server", "Pantheon.Server\Pantheon.Server.csproj", "{56000703-AAA6-4795-BD35-73F0E05FD441}"
EndProject
Project("{FAE04EC0-301F-11D3-BF4B-00C04F79EFBC}") = "Pantheon.Server.CoreServices", "Pantheon.Server.CoreServices\Pantheon.Server.CoreServices.csproj", "{65C5B988-D5A8-42C9-81EE-7EB3BFE5271A}"
EndProject
Project("{FAE04EC0-301F-11D3-BF4B-00C04F79EFBC}") = "Pantheon.Server.ServiceLoader", "Pantheon.Server.ServiceLoader\Pantheon.Server.ServiceLoader.csproj", "{582807B5-BDB0-4CCF-91B0-657B67C67258}"
EndProject
Project("{FAE04EC0-301F-11D3-BF4B-00C04F79EFBC}") = "Pantheon.Server.Config", "Pantheon.Server.Config\Pantheon.Server.Config.csproj", "{A35B4CF6-BFA1-434E-82BF-D90CC260BFF5}"
EndProject
Project("{FAE04EC0-301F-11D3-BF4B-00C04F79EFBC}") = "Pantheon.Server.Config.Json", "Pantheon.Server.Config.Json\Pantheon.Server.Config.Json.csproj", "{2B41B40B-E8C9-4B09-8C2D-203E0EAC8E35}"
EndProject
Project("{2150E333-8FDC-42A3-9474-1A3956D46DE8}") = "Services", "Services", "{19AE6973-4690-426C-8697-06DB4493835F}"
EndProject
Project("{FAE04EC0-301F-11D3-BF4B-00C04F79EFBC}") = "Pantheon.MessageDirector", "Pantheon.MessageDirector\Pantheon.MessageDirector.csproj", "{AD5C7FA4-68C7-4CD8-B44D-9DDB09388FC9}"
EndProject
Project("{FAE04EC0-301F-11D3-BF4B-00C04F79EFBC}") = "Pantheon.Database", "Pantheon.Database\Pantheon.Database.csproj", "{FFFA4A2B-3B93-4E8E-809E-AB7183D4570B}"
EndProject
Project("{FAE04EC0-301F-11D3-BF4B-00C04F79EFBC}") = "Pantheon.ClientAgent", "Pantheon.ClientAgent\Pantheon.ClientAgent.csproj", "{5DA2A92A-6A6F-47FD-AFAB-54BCA97A3872}"
EndProject
Project("{FAE04EC0-301F-11D3-BF4B-00C04F79EFBC}") = "Pantheon.StateServer", "Pantheon.StateServer\Pantheon.StateServer.csproj", "{58BA824F-793A-4C6C-BC69-97C8C2BFF7EF}"
EndProject
Project("{FAE04EC0-301F-11D3-BF4B-00C04F79EFBC}") = "Pantheon.GameServer", "Pantheon.GameServer\Pantheon.GameServer.csproj", "{F804CAB9-B946-4062-8054-35D57A500B66}"
EndProject
Project("{2150E333-8FDC-42A3-9474-1A3956D46DE8}") = "Testing", "Testing", "{E1CDA5E9-682B-4D30-AF9C-E924939D402E}"
EndProject
Project("{FAE04EC0-301F-11D3-BF4B-00C04F79EFBC}") = "Pantheon.Tests", "Pantheon.Tests\Pantheon.Tests.csproj", "{BDFA9E43-E1A4-4D60-AF21-EF3922951FB2}"
EndProject
Project("{2150E333-8FDC-42A3-9474-1A3956D46DE8}") = ".nuget", ".nuget", "{C58AA7F2-AE01-45BB-B31F-77CE5730CDD1}"
	ProjectSection(SolutionItems) = preProject
		.nuget\packages.config = .nuget\packages.config
	EndProjectSection
EndProject
Project("{2150E333-8FDC-42A3-9474-1A3956D46DE8}") = "Solution Items", "Solution Items", "{DFFFC1A4-4FEC-497D-BC7C-0A76C0EA1060}"
	ProjectSection(SolutionItems) = preProject
		global.json = global.json
	EndProjectSection
EndProject
Project("{2150E333-8FDC-42A3-9474-1A3956D46DE8}") = "WebApp", "WebApp", "{521246B6-D22B-46D7-932B-FC7ED3382348}"
EndProject
Project("{8BB2217D-0F2D-49D1-97BC-3654ED321F3B}") = "Pantheon.Common", "Pantheon.Common\Pantheon.Common.kproj", "{B02B6B82-21E9-4E5D-824C-C210D8B2482E}"
EndProject
Project("{8BB2217D-0F2D-49D1-97BC-3654ED321F3B}") = "Pantheon.Core", "Pantheon.Core\Pantheon.Core.kproj", "{7C970194-1942-4979-9533-587E01E62CA2}"
EndProject
Project("{2150E333-8FDC-42A3-9474-1A3956D46DE8}") = "Core", "Core", "{FDAF1032-0EB7-4A60-A728-5FFC76256616}"
EndProject
Project("{FAE04EC0-301F-11D3-BF4B-00C04F79EFBC}") = "Pantheon.Core", "Pantheon.Core\Pantheon.Core.csproj", "{C02B933F-A03F-4249-ABCF-B9608C5D088C}"
EndProject
Project("{FAE04EC0-301F-11D3-BF4B-00C04F79EFBC}") = "Pantheon.Common", "Pantheon.Common\Pantheon.Common.csproj", "{40775C75-0D3D-4603-9D06-4756973A9E16}"
EndProject
Project("{FAE04EC0-301F-11D3-BF4B-00C04F79EFBC}") = "Pantheon.Lidgren", "Pantheon.Lidgren\Pantheon.Lidgren.csproj", "{6AC72012-BB7A-4440-AF59-8FFA41D5096E}"
EndProject
Global
	GlobalSection(SolutionConfigurationPlatforms) = preSolution
		Debug|Any CPU = Debug|Any CPU
		Debug|Mixed Platforms = Debug|Mixed Platforms
		Debug|x86 = Debug|x86
		Release|Any CPU = Release|Any CPU
		Release|Mixed Platforms = Release|Mixed Platforms
		Release|x86 = Release|x86
	EndGlobalSection
	GlobalSection(ProjectConfigurationPlatforms) = postSolution
		{0900736E-4959-4FD2-80FB-6DBF301D5E02}.Debug|Any CPU.ActiveCfg = Debug|Any CPU
		{0900736E-4959-4FD2-80FB-6DBF301D5E02}.Debug|Any CPU.Build.0 = Debug|Any CPU
		{0900736E-4959-4FD2-80FB-6DBF301D5E02}.Debug|Mixed Platforms.ActiveCfg = Debug|Any CPU
		{0900736E-4959-4FD2-80FB-6DBF301D5E02}.Debug|Mixed Platforms.Build.0 = Debug|Any CPU
		{0900736E-4959-4FD2-80FB-6DBF301D5E02}.Debug|x86.ActiveCfg = Debug|Any CPU
		{0900736E-4959-4FD2-80FB-6DBF301D5E02}.Release|Any CPU.ActiveCfg = Release|Any CPU
		{0900736E-4959-4FD2-80FB-6DBF301D5E02}.Release|Any CPU.Build.0 = Release|Any CPU
		{0900736E-4959-4FD2-80FB-6DBF301D5E02}.Release|Mixed Platforms.ActiveCfg = Release|Any CPU
		{0900736E-4959-4FD2-80FB-6DBF301D5E02}.Release|Mixed Platforms.Build.0 = Release|Any CPU
		{0900736E-4959-4FD2-80FB-6DBF301D5E02}.Release|x86.ActiveCfg = Release|Any CPU
		{1621E2BF-4597-4B58-BFCC-313C8E504176}.Debug|Any CPU.ActiveCfg = Debug|Any CPU
		{1621E2BF-4597-4B58-BFCC-313C8E504176}.Debug|Any CPU.Build.0 = Debug|Any CPU
		{1621E2BF-4597-4B58-BFCC-313C8E504176}.Debug|Mixed Platforms.ActiveCfg = Debug|Any CPU
		{1621E2BF-4597-4B58-BFCC-313C8E504176}.Debug|Mixed Platforms.Build.0 = Debug|Any CPU
		{1621E2BF-4597-4B58-BFCC-313C8E504176}.Debug|x86.ActiveCfg = Debug|Any CPU
		{1621E2BF-4597-4B58-BFCC-313C8E504176}.Release|Any CPU.ActiveCfg = Release|Any CPU
		{1621E2BF-4597-4B58-BFCC-313C8E504176}.Release|Any CPU.Build.0 = Release|Any CPU
		{1621E2BF-4597-4B58-BFCC-313C8E504176}.Release|Mixed Platforms.ActiveCfg = Release|Any CPU
		{1621E2BF-4597-4B58-BFCC-313C8E504176}.Release|Mixed Platforms.Build.0 = Release|Any CPU
		{1621E2BF-4597-4B58-BFCC-313C8E504176}.Release|x86.ActiveCfg = Release|Any CPU
		{2B41B40B-E8C9-4B09-8C2D-203E0EAC8E35}.Debug|Any CPU.ActiveCfg = Debug|Any CPU
		{2B41B40B-E8C9-4B09-8C2D-203E0EAC8E35}.Debug|Any CPU.Build.0 = Debug|Any CPU
		{2B41B40B-E8C9-4B09-8C2D-203E0EAC8E35}.Debug|Mixed Platforms.ActiveCfg = Debug|Any CPU
		{2B41B40B-E8C9-4B09-8C2D-203E0EAC8E35}.Debug|Mixed Platforms.Build.0 = Debug|Any CPU
		{2B41B40B-E8C9-4B09-8C2D-203E0EAC8E35}.Debug|x86.ActiveCfg = Debug|Any CPU
		{2B41B40B-E8C9-4B09-8C2D-203E0EAC8E35}.Release|Any CPU.ActiveCfg = Release|Any CPU
		{2B41B40B-E8C9-4B09-8C2D-203E0EAC8E35}.Release|Any CPU.Build.0 = Release|Any CPU
		{2B41B40B-E8C9-4B09-8C2D-203E0EAC8E35}.Release|Mixed Platforms.ActiveCfg = Release|Any CPU
		{2B41B40B-E8C9-4B09-8C2D-203E0EAC8E35}.Release|Mixed Platforms.Build.0 = Release|Any CPU
		{2B41B40B-E8C9-4B09-8C2D-203E0EAC8E35}.Release|x86.ActiveCfg = Release|Any CPU
		{40775C75-0D3D-4603-9D06-4756973A9E16}.Debug|Any CPU.ActiveCfg = Debug|Any CPU
		{40775C75-0D3D-4603-9D06-4756973A9E16}.Debug|Any CPU.Build.0 = Debug|Any CPU
		{40775C75-0D3D-4603-9D06-4756973A9E16}.Debug|Mixed Platforms.ActiveCfg = Debug|Any CPU
		{40775C75-0D3D-4603-9D06-4756973A9E16}.Debug|Mixed Platforms.Build.0 = Debug|Any CPU
		{40775C75-0D3D-4603-9D06-4756973A9E16}.Debug|x86.ActiveCfg = Debug|Any CPU
		{40775C75-0D3D-4603-9D06-4756973A9E16}.Release|Any CPU.ActiveCfg = Release|Any CPU
		{40775C75-0D3D-4603-9D06-4756973A9E16}.Release|Any CPU.Build.0 = Release|Any CPU
		{40775C75-0D3D-4603-9D06-4756973A9E16}.Release|Mixed Platforms.ActiveCfg = Release|Any CPU
		{40775C75-0D3D-4603-9D06-4756973A9E16}.Release|Mixed Platforms.Build.0 = Release|Any CPU
		{40775C75-0D3D-4603-9D06-4756973A9E16}.Release|x86.ActiveCfg = Release|Any CPU
		{56000703-AAA6-4795-BD35-73F0E05FD441}.Debug|Any CPU.ActiveCfg = Debug|Any CPU
		{56000703-AAA6-4795-BD35-73F0E05FD441}.Debug|Any CPU.Build.0 = Debug|Any CPU
		{56000703-AAA6-4795-BD35-73F0E05FD441}.Debug|Mixed Platforms.ActiveCfg = Debug|Any CPU
		{56000703-AAA6-4795-BD35-73F0E05FD441}.Debug|Mixed Platforms.Build.0 = Debug|Any CPU
		{56000703-AAA6-4795-BD35-73F0E05FD441}.Debug|x86.ActiveCfg = Debug|Any CPU
		{56000703-AAA6-4795-BD35-73F0E05FD441}.Release|Any CPU.ActiveCfg = Release|Any CPU
		{56000703-AAA6-4795-BD35-73F0E05FD441}.Release|Any CPU.Build.0 = Release|Any CPU
		{56000703-AAA6-4795-BD35-73F0E05FD441}.Release|Mixed Platforms.ActiveCfg = Release|Any CPU
		{56000703-AAA6-4795-BD35-73F0E05FD441}.Release|Mixed Platforms.Build.0 = Release|Any CPU
		{56000703-AAA6-4795-BD35-73F0E05FD441}.Release|x86.ActiveCfg = Release|Any CPU
		{582807B5-BDB0-4CCF-91B0-657B67C67258}.Debug|Any CPU.ActiveCfg = Debug|Any CPU
		{582807B5-BDB0-4CCF-91B0-657B67C67258}.Debug|Any CPU.Build.0 = Debug|Any CPU
		{582807B5-BDB0-4CCF-91B0-657B67C67258}.Debug|Mixed Platforms.ActiveCfg = Debug|Any CPU
		{582807B5-BDB0-4CCF-91B0-657B67C67258}.Debug|Mixed Platforms.Build.0 = Debug|Any CPU
		{582807B5-BDB0-4CCF-91B0-657B67C67258}.Debug|x86.ActiveCfg = Debug|Any CPU
		{582807B5-BDB0-4CCF-91B0-657B67C67258}.Release|Any CPU.ActiveCfg = Release|Any CPU
		{582807B5-BDB0-4CCF-91B0-657B67C67258}.Release|Any CPU.Build.0 = Release|Any CPU
		{582807B5-BDB0-4CCF-91B0-657B67C67258}.Release|Mixed Platforms.ActiveCfg = Release|Any CPU
		{582807B5-BDB0-4CCF-91B0-657B67C67258}.Release|Mixed Platforms.Build.0 = Release|Any CPU
		{582807B5-BDB0-4CCF-91B0-657B67C67258}.Release|x86.ActiveCfg = Release|Any CPU
		{58BA824F-793A-4C6C-BC69-97C8C2BFF7EF}.Debug|Any CPU.ActiveCfg = Debug|Any CPU
		{58BA824F-793A-4C6C-BC69-97C8C2BFF7EF}.Debug|Any CPU.Build.0 = Debug|Any CPU
		{58BA824F-793A-4C6C-BC69-97C8C2BFF7EF}.Debug|Mixed Platforms.ActiveCfg = Debug|Any CPU
		{58BA824F-793A-4C6C-BC69-97C8C2BFF7EF}.Debug|Mixed Platforms.Build.0 = Debug|Any CPU
		{58BA824F-793A-4C6C-BC69-97C8C2BFF7EF}.Debug|x86.ActiveCfg = Debug|Any CPU
		{58BA824F-793A-4C6C-BC69-97C8C2BFF7EF}.Release|Any CPU.ActiveCfg = Release|Any CPU
		{58BA824F-793A-4C6C-BC69-97C8C2BFF7EF}.Release|Any CPU.Build.0 = Release|Any CPU
		{58BA824F-793A-4C6C-BC69-97C8C2BFF7EF}.Release|Mixed Platforms.ActiveCfg = Release|Any CPU
		{58BA824F-793A-4C6C-BC69-97C8C2BFF7EF}.Release|Mixed Platforms.Build.0 = Release|Any CPU
		{58BA824F-793A-4C6C-BC69-97C8C2BFF7EF}.Release|x86.ActiveCfg = Release|Any CPU
		{5DA2A92A-6A6F-47FD-AFAB-54BCA97A3872}.Debug|Any CPU.ActiveCfg = Debug|Any CPU
		{5DA2A92A-6A6F-47FD-AFAB-54BCA97A3872}.Debug|Any CPU.Build.0 = Debug|Any CPU
		{5DA2A92A-6A6F-47FD-AFAB-54BCA97A3872}.Debug|Mixed Platforms.ActiveCfg = Debug|Any CPU
		{5DA2A92A-6A6F-47FD-AFAB-54BCA97A3872}.Debug|Mixed Platforms.Build.0 = Debug|Any CPU
		{5DA2A92A-6A6F-47FD-AFAB-54BCA97A3872}.Debug|x86.ActiveCfg = Debug|Any CPU
		{5DA2A92A-6A6F-47FD-AFAB-54BCA97A3872}.Release|Any CPU.ActiveCfg = Release|Any CPU
		{5DA2A92A-6A6F-47FD-AFAB-54BCA97A3872}.Release|Any CPU.Build.0 = Release|Any CPU
		{5DA2A92A-6A6F-47FD-AFAB-54BCA97A3872}.Release|Mixed Platforms.ActiveCfg = Release|Any CPU
		{5DA2A92A-6A6F-47FD-AFAB-54BCA97A3872}.Release|Mixed Platforms.Build.0 = Release|Any CPU
		{5DA2A92A-6A6F-47FD-AFAB-54BCA97A3872}.Release|x86.ActiveCfg = Release|Any CPU
		{65C5B988-D5A8-42C9-81EE-7EB3BFE5271A}.Debug|Any CPU.ActiveCfg = Debug|Any CPU
		{65C5B988-D5A8-42C9-81EE-7EB3BFE5271A}.Debug|Any CPU.Build.0 = Debug|Any CPU
		{65C5B988-D5A8-42C9-81EE-7EB3BFE5271A}.Debug|Mixed Platforms.ActiveCfg = Debug|Any CPU
		{65C5B988-D5A8-42C9-81EE-7EB3BFE5271A}.Debug|Mixed Platforms.Build.0 = Debug|Any CPU
		{65C5B988-D5A8-42C9-81EE-7EB3BFE5271A}.Debug|x86.ActiveCfg = Debug|Any CPU
		{65C5B988-D5A8-42C9-81EE-7EB3BFE5271A}.Release|Any CPU.ActiveCfg = Release|Any CPU
		{65C5B988-D5A8-42C9-81EE-7EB3BFE5271A}.Release|Any CPU.Build.0 = Release|Any CPU
		{65C5B988-D5A8-42C9-81EE-7EB3BFE5271A}.Release|Mixed Platforms.ActiveCfg = Release|Any CPU
		{65C5B988-D5A8-42C9-81EE-7EB3BFE5271A}.Release|Mixed Platforms.Build.0 = Release|Any CPU
		{65C5B988-D5A8-42C9-81EE-7EB3BFE5271A}.Release|x86.ActiveCfg = Release|Any CPU
		{6AC72012-BB7A-4440-AF59-8FFA41D5096E}.Debug|Any CPU.ActiveCfg = Debug|Any CPU
		{6AC72012-BB7A-4440-AF59-8FFA41D5096E}.Debug|Any CPU.Build.0 = Debug|Any CPU
		{6AC72012-BB7A-4440-AF59-8FFA41D5096E}.Debug|Mixed Platforms.ActiveCfg = Debug|Any CPU
		{6AC72012-BB7A-4440-AF59-8FFA41D5096E}.Debug|Mixed Platforms.Build.0 = Debug|Any CPU
		{6AC72012-BB7A-4440-AF59-8FFA41D5096E}.Debug|x86.ActiveCfg = Debug|Any CPU
		{6AC72012-BB7A-4440-AF59-8FFA41D5096E}.Release|Any CPU.ActiveCfg = Release|Any CPU
		{6AC72012-BB7A-4440-AF59-8FFA41D5096E}.Release|Any CPU.Build.0 = Release|Any CPU
		{6AC72012-BB7A-4440-AF59-8FFA41D5096E}.Release|Mixed Platforms.ActiveCfg = Release|Any CPU
		{6AC72012-BB7A-4440-AF59-8FFA41D5096E}.Release|Mixed Platforms.Build.0 = Release|Any CPU
		{6AC72012-BB7A-4440-AF59-8FFA41D5096E}.Release|x86.ActiveCfg = Release|Any CPU
		{7C970194-1942-4979-9533-587E01E62CA2}.Debug|Any CPU.ActiveCfg = Debug|Any CPU
		{7C970194-1942-4979-9533-587E01E62CA2}.Debug|Any CPU.Build.0 = Debug|Any CPU
		{7C970194-1942-4979-9533-587E01E62CA2}.Debug|Mixed Platforms.ActiveCfg = Debug|Any CPU
		{7C970194-1942-4979-9533-587E01E62CA2}.Debug|Mixed Platforms.Build.0 = Debug|Any CPU
		{7C970194-1942-4979-9533-587E01E62CA2}.Debug|x86.ActiveCfg = Debug|Any CPU
		{7C970194-1942-4979-9533-587E01E62CA2}.Release|Any CPU.ActiveCfg = Release|Any CPU
		{7C970194-1942-4979-9533-587E01E62CA2}.Release|Any CPU.Build.0 = Release|Any CPU
		{7C970194-1942-4979-9533-587E01E62CA2}.Release|Mixed Platforms.ActiveCfg = Release|Any CPU
		{7C970194-1942-4979-9533-587E01E62CA2}.Release|Mixed Platforms.Build.0 = Release|Any CPU
		{7C970194-1942-4979-9533-587E01E62CA2}.Release|x86.ActiveCfg = Release|Any CPU
		{A35B4CF6-BFA1-434E-82BF-D90CC260BFF5}.Debug|Any CPU.ActiveCfg = Debug|Any CPU
		{A35B4CF6-BFA1-434E-82BF-D90CC260BFF5}.Debug|Any CPU.Build.0 = Debug|Any CPU
		{A35B4CF6-BFA1-434E-82BF-D90CC260BFF5}.Debug|Mixed Platforms.ActiveCfg = Debug|Any CPU
		{A35B4CF6-BFA1-434E-82BF-D90CC260BFF5}.Debug|Mixed Platforms.Build.0 = Debug|Any CPU
		{A35B4CF6-BFA1-434E-82BF-D90CC260BFF5}.Debug|x86.ActiveCfg = Debug|Any CPU
		{A35B4CF6-BFA1-434E-82BF-D90CC260BFF5}.Release|Any CPU.ActiveCfg = Release|Any CPU
		{A35B4CF6-BFA1-434E-82BF-D90CC260BFF5}.Release|Any CPU.Build.0 = Release|Any CPU
		{A35B4CF6-BFA1-434E-82BF-D90CC260BFF5}.Release|Mixed Platforms.ActiveCfg = Release|Any CPU
		{A35B4CF6-BFA1-434E-82BF-D90CC260BFF5}.Release|Mixed Platforms.Build.0 = Release|Any CPU
		{A35B4CF6-BFA1-434E-82BF-D90CC260BFF5}.Release|x86.ActiveCfg = Release|Any CPU
		{AD5C7FA4-68C7-4CD8-B44D-9DDB09388FC9}.Debug|Any CPU.ActiveCfg = Debug|Any CPU
		{AD5C7FA4-68C7-4CD8-B44D-9DDB09388FC9}.Debug|Any CPU.Build.0 = Debug|Any CPU
		{AD5C7FA4-68C7-4CD8-B44D-9DDB09388FC9}.Debug|Mixed Platforms.ActiveCfg = Debug|Any CPU
		{AD5C7FA4-68C7-4CD8-B44D-9DDB09388FC9}.Debug|Mixed Platforms.Build.0 = Debug|Any CPU
		{AD5C7FA4-68C7-4CD8-B44D-9DDB09388FC9}.Debug|x86.ActiveCfg = Debug|Any CPU
		{AD5C7FA4-68C7-4CD8-B44D-9DDB09388FC9}.Release|Any CPU.ActiveCfg = Release|Any CPU
		{AD5C7FA4-68C7-4CD8-B44D-9DDB09388FC9}.Release|Any CPU.Build.0 = Release|Any CPU
		{AD5C7FA4-68C7-4CD8-B44D-9DDB09388FC9}.Release|Mixed Platforms.ActiveCfg = Release|Any CPU
		{AD5C7FA4-68C7-4CD8-B44D-9DDB09388FC9}.Release|Mixed Platforms.Build.0 = Release|Any CPU
		{AD5C7FA4-68C7-4CD8-B44D-9DDB09388FC9}.Release|x86.ActiveCfg = Release|Any CPU
		{B02B6B82-21E9-4E5D-824C-C210D8B2482E}.Debug|Any CPU.ActiveCfg = Debug|Any CPU
		{B02B6B82-21E9-4E5D-824C-C210D8B2482E}.Debug|Any CPU.Build.0 = Debug|Any CPU
		{B02B6B82-21E9-4E5D-824C-C210D8B2482E}.Debug|Mixed Platforms.ActiveCfg = Debug|Any CPU
		{B02B6B82-21E9-4E5D-824C-C210D8B2482E}.Debug|Mixed Platforms.Build.0 = Debug|Any CPU
		{B02B6B82-21E9-4E5D-824C-C210D8B2482E}.Debug|x86.ActiveCfg = Debug|Any CPU
		{B02B6B82-21E9-4E5D-824C-C210D8B2482E}.Release|Any CPU.ActiveCfg = Release|Any CPU
		{B02B6B82-21E9-4E5D-824C-C210D8B2482E}.Release|Any CPU.Build.0 = Release|Any CPU
		{B02B6B82-21E9-4E5D-824C-C210D8B2482E}.Release|Mixed Platforms.ActiveCfg = Release|Any CPU
		{B02B6B82-21E9-4E5D-824C-C210D8B2482E}.Release|Mixed Platforms.Build.0 = Release|Any CPU
		{B02B6B82-21E9-4E5D-824C-C210D8B2482E}.Release|x86.ActiveCfg = Release|Any CPU
		{BDFA9E43-E1A4-4D60-AF21-EF3922951FB2}.Debug|Any CPU.ActiveCfg = Debug|Any CPU
		{BDFA9E43-E1A4-4D60-AF21-EF3922951FB2}.Debug|Any CPU.Build.0 = Debug|Any CPU
		{BDFA9E43-E1A4-4D60-AF21-EF3922951FB2}.Debug|Mixed Platforms.ActiveCfg = Debug|Any CPU
		{BDFA9E43-E1A4-4D60-AF21-EF3922951FB2}.Debug|Mixed Platforms.Build.0 = Debug|Any CPU
		{BDFA9E43-E1A4-4D60-AF21-EF3922951FB2}.Debug|x86.ActiveCfg = Debug|Any CPU
		{BDFA9E43-E1A4-4D60-AF21-EF3922951FB2}.Release|Any CPU.ActiveCfg = Release|Any CPU
		{BDFA9E43-E1A4-4D60-AF21-EF3922951FB2}.Release|Any CPU.Build.0 = Release|Any CPU
		{BDFA9E43-E1A4-4D60-AF21-EF3922951FB2}.Release|Mixed Platforms.ActiveCfg = Release|Any CPU
		{BDFA9E43-E1A4-4D60-AF21-EF3922951FB2}.Release|Mixed Platforms.Build.0 = Release|Any CPU
		{BDFA9E43-E1A4-4D60-AF21-EF3922951FB2}.Release|x86.ActiveCfg = Release|Any CPU
		{C02B933F-A03F-4249-ABCF-B9608C5D088C}.Debug|Any CPU.ActiveCfg = Debug|Any CPU
		{C02B933F-A03F-4249-ABCF-B9608C5D088C}.Debug|Any CPU.Build.0 = Debug|Any CPU
		{C02B933F-A03F-4249-ABCF-B9608C5D088C}.Debug|Mixed Platforms.ActiveCfg = Debug|Any CPU
		{C02B933F-A03F-4249-ABCF-B9608C5D088C}.Debug|Mixed Platforms.Build.0 = Debug|Any CPU
		{C02B933F-A03F-4249-ABCF-B9608C5D088C}.Debug|x86.ActiveCfg = Debug|Any CPU
		{C02B933F-A03F-4249-ABCF-B9608C5D088C}.Release|Any CPU.ActiveCfg = Release|Any CPU
		{C02B933F-A03F-4249-ABCF-B9608C5D088C}.Release|Any CPU.Build.0 = Release|Any CPU
		{C02B933F-A03F-4249-ABCF-B9608C5D088C}.Release|Mixed Platforms.ActiveCfg = Release|Any CPU
		{C02B933F-A03F-4249-ABCF-B9608C5D088C}.Release|Mixed Platforms.Build.0 = Release|Any CPU
		{C02B933F-A03F-4249-ABCF-B9608C5D088C}.Release|x86.ActiveCfg = Release|Any CPU
		{F804CAB9-B946-4062-8054-35D57A500B66}.Debug|Any CPU.ActiveCfg = Debug|Any CPU
		{F804CAB9-B946-4062-8054-35D57A500B66}.Debug|Any CPU.Build.0 = Debug|Any CPU
		{F804CAB9-B946-4062-8054-35D57A500B66}.Debug|Mixed Platforms.ActiveCfg = Debug|Any CPU
		{F804CAB9-B946-4062-8054-35D57A500B66}.Debug|Mixed Platforms.Build.0 = Debug|Any CPU
		{F804CAB9-B946-4062-8054-35D57A500B66}.Debug|x86.ActiveCfg = Debug|Any CPU
		{F804CAB9-B946-4062-8054-35D57A500B66}.Release|Any CPU.ActiveCfg = Release|Any CPU
		{F804CAB9-B946-4062-8054-35D57A500B66}.Release|Any CPU.Build.0 = Release|Any CPU
		{F804CAB9-B946-4062-8054-35D57A500B66}.Release|Mixed Platforms.ActiveCfg = Release|Any CPU
		{F804CAB9-B946-4062-8054-35D57A500B66}.Release|Mixed Platforms.Build.0 = Release|Any CPU
		{F804CAB9-B946-4062-8054-35D57A500B66}.Release|x86.ActiveCfg = Release|Any CPU
		{FFFA4A2B-3B93-4E8E-809E-AB7183D4570B}.Debug|Any CPU.ActiveCfg = Debug|Any CPU
		{FFFA4A2B-3B93-4E8E-809E-AB7183D4570B}.Debug|Any CPU.Build.0 = Debug|Any CPU
		{FFFA4A2B-3B93-4E8E-809E-AB7183D4570B}.Debug|Mixed Platforms.ActiveCfg = Debug|Any CPU
		{FFFA4A2B-3B93-4E8E-809E-AB7183D4570B}.Debug|Mixed Platforms.Build.0 = Debug|Any CPU
		{FFFA4A2B-3B93-4E8E-809E-AB7183D4570B}.Debug|x86.ActiveCfg = Debug|Any CPU
		{FFFA4A2B-3B93-4E8E-809E-AB7183D4570B}.Release|Any CPU.ActiveCfg = Release|Any CPU
		{FFFA4A2B-3B93-4E8E-809E-AB7183D4570B}.Release|Any CPU.Build.0 = Release|Any CPU
		{FFFA4A2B-3B93-4E8E-809E-AB7183D4570B}.Release|Mixed Platforms.ActiveCfg = Release|Any CPU
		{FFFA4A2B-3B93-4E8E-809E-AB7183D4570B}.Release|Mixed Platforms.Build.0 = Release|Any CPU
		{FFFA4A2B-3B93-4E8E-809E-AB7183D4570B}.Release|x86.ActiveCfg = Release|Any CPU
		{D1EB2EED-75DD-40A9-B614-7D8B13A31F31}.Debug|Any CPU.ActiveCfg = Debug|Any CPU
		{D1EB2EED-75DD-40A9-B614-7D8B13A31F31}.Debug|Any CPU.Build.0 = Debug|Any CPU
		{D1EB2EED-75DD-40A9-B614-7D8B13A31F31}.Debug|Mixed Platforms.ActiveCfg = Debug|Any CPU
		{D1EB2EED-75DD-40A9-B614-7D8B13A31F31}.Debug|Mixed Platforms.Build.0 = Debug|Any CPU
		{D1EB2EED-75DD-40A9-B614-7D8B13A31F31}.Debug|x86.ActiveCfg = Debug|Any CPU
		{D1EB2EED-75DD-40A9-B614-7D8B13A31F31}.Release|Any CPU.ActiveCfg = Release|Any CPU
		{D1EB2EED-75DD-40A9-B614-7D8B13A31F31}.Release|Any CPU.Build.0 = Release|Any CPU
		{D1EB2EED-75DD-40A9-B614-7D8B13A31F31}.Release|Mixed Platforms.ActiveCfg = Release|Any CPU
		{D1EB2EED-75DD-40A9-B614-7D8B13A31F31}.Release|Mixed Platforms.Build.0 = Release|Any CPU
		{D1EB2EED-75DD-40A9-B614-7D8B13A31F31}.Release|x86.ActiveCfg = Release|Any CPU
		{78CCFAC6-E9C3-4190-A980-C602021892AD}.Debug|Any CPU.ActiveCfg = Debug|Any CPU
		{78CCFAC6-E9C3-4190-A980-C602021892AD}.Debug|Any CPU.Build.0 = Debug|Any CPU
		{78CCFAC6-E9C3-4190-A980-C602021892AD}.Debug|Mixed Platforms.ActiveCfg = Debug|Any CPU
		{78CCFAC6-E9C3-4190-A980-C602021892AD}.Debug|Mixed Platforms.Build.0 = Debug|Any CPU
		{78CCFAC6-E9C3-4190-A980-C602021892AD}.Debug|x86.ActiveCfg = Debug|Any CPU
		{78CCFAC6-E9C3-4190-A980-C602021892AD}.Release|Any CPU.ActiveCfg = Release|Any CPU
		{78CCFAC6-E9C3-4190-A980-C602021892AD}.Release|Any CPU.Build.0 = Release|Any CPU
		{78CCFAC6-E9C3-4190-A980-C602021892AD}.Release|Mixed Platforms.ActiveCfg = Release|Any CPU
		{78CCFAC6-E9C3-4190-A980-C602021892AD}.Release|Mixed Platforms.Build.0 = Release|Any CPU
		{78CCFAC6-E9C3-4190-A980-C602021892AD}.Release|x86.ActiveCfg = Release|Any CPU
		{95E84B9E-502E-428E-9C73-D1458D89DD2C}.Debug|Any CPU.ActiveCfg = Debug|Any CPU
		{95E84B9E-502E-428E-9C73-D1458D89DD2C}.Debug|Any CPU.Build.0 = Debug|Any CPU
		{95E84B9E-502E-428E-9C73-D1458D89DD2C}.Debug|Mixed Platforms.ActiveCfg = Debug|Any CPU
		{95E84B9E-502E-428E-9C73-D1458D89DD2C}.Debug|Mixed Platforms.Build.0 = Debug|Any CPU
		{95E84B9E-502E-428E-9C73-D1458D89DD2C}.Debug|x86.ActiveCfg = Debug|Any CPU
		{95E84B9E-502E-428E-9C73-D1458D89DD2C}.Release|Any CPU.ActiveCfg = Release|Any CPU
		{95E84B9E-502E-428E-9C73-D1458D89DD2C}.Release|Any CPU.Build.0 = Release|Any CPU
		{95E84B9E-502E-428E-9C73-D1458D89DD2C}.Release|Mixed Platforms.ActiveCfg = Release|Any CPU
		{95E84B9E-502E-428E-9C73-D1458D89DD2C}.Release|Mixed Platforms.Build.0 = Release|Any CPU
		{95E84B9E-502E-428E-9C73-D1458D89DD2C}.Release|x86.ActiveCfg = Release|Any CPU
		{48962CF1-537B-45F6-A473-4247693FD50B}.Debug|Any CPU.ActiveCfg = Debug|Any CPU
		{48962CF1-537B-45F6-A473-4247693FD50B}.Debug|Any CPU.Build.0 = Debug|Any CPU
		{48962CF1-537B-45F6-A473-4247693FD50B}.Debug|Mixed Platforms.ActiveCfg = Debug|Any CPU
		{48962CF1-537B-45F6-A473-4247693FD50B}.Debug|Mixed Platforms.Build.0 = Debug|Any CPU
		{48962CF1-537B-45F6-A473-4247693FD50B}.Debug|x86.ActiveCfg = Debug|Any CPU
		{48962CF1-537B-45F6-A473-4247693FD50B}.Release|Any CPU.ActiveCfg = Release|Any CPU
		{48962CF1-537B-45F6-A473-4247693FD50B}.Release|Any CPU.Build.0 = Release|Any CPU
		{48962CF1-537B-45F6-A473-4247693FD50B}.Release|Mixed Platforms.ActiveCfg = Release|Any CPU
		{48962CF1-537B-45F6-A473-4247693FD50B}.Release|Mixed Platforms.Build.0 = Release|Any CPU
		{48962CF1-537B-45F6-A473-4247693FD50B}.Release|x86.ActiveCfg = Release|Any CPU
	EndGlobalSection
	GlobalSection(NestedProjects) = preSolution
		{0900736E-4959-4FD2-80FB-6DBF301D5E02} = {3CA34059-E752-4B91-8EB0-5AAEA5D78778}
		{1621E2BF-4597-4B58-BFCC-313C8E504176} = {3CA34059-E752-4B91-8EB0-5AAEA5D78778}
		{56000703-AAA6-4795-BD35-73F0E05FD441} = {5E9928A8-7772-496C-A6CB-DD430BA0F166}
		{65C5B988-D5A8-42C9-81EE-7EB3BFE5271A} = {5E9928A8-7772-496C-A6CB-DD430BA0F166}
		{582807B5-BDB0-4CCF-91B0-657B67C67258} = {5E9928A8-7772-496C-A6CB-DD430BA0F166}
		{A35B4CF6-BFA1-434E-82BF-D90CC260BFF5} = {5E9928A8-7772-496C-A6CB-DD430BA0F166}
		{2B41B40B-E8C9-4B09-8C2D-203E0EAC8E35} = {5E9928A8-7772-496C-A6CB-DD430BA0F166}
		{AD5C7FA4-68C7-4CD8-B44D-9DDB09388FC9} = {19AE6973-4690-426C-8697-06DB4493835F}
		{FFFA4A2B-3B93-4E8E-809E-AB7183D4570B} = {19AE6973-4690-426C-8697-06DB4493835F}
		{5DA2A92A-6A6F-47FD-AFAB-54BCA97A3872} = {19AE6973-4690-426C-8697-06DB4493835F}
		{58BA824F-793A-4C6C-BC69-97C8C2BFF7EF} = {19AE6973-4690-426C-8697-06DB4493835F}
		{F804CAB9-B946-4062-8054-35D57A500B66} = {19AE6973-4690-426C-8697-06DB4493835F}
		{BDFA9E43-E1A4-4D60-AF21-EF3922951FB2} = {E1CDA5E9-682B-4D30-AF9C-E924939D402E}
		{B02B6B82-21E9-4E5D-824C-C210D8B2482E} = {521246B6-D22B-46D7-932B-FC7ED3382348}
		{7C970194-1942-4979-9533-587E01E62CA2} = {521246B6-D22B-46D7-932B-FC7ED3382348}
		{C02B933F-A03F-4249-ABCF-B9608C5D088C} = {FDAF1032-0EB7-4A60-A728-5FFC76256616}
		{40775C75-0D3D-4603-9D06-4756973A9E16} = {FDAF1032-0EB7-4A60-A728-5FFC76256616}
		{6AC72012-BB7A-4440-AF59-8FFA41D5096E} = {FDAF1032-0EB7-4A60-A728-5FFC76256616}
	EndGlobalSection
	GlobalSection(MonoDevelopProperties) = preSolution
		StartupItem = Pantheon.Server\Pantheon.Server.csproj
	EndGlobalSection
	GlobalSection(SolutionProperties) = preSolution
		HideSolutionNode = FALSE
	EndGlobalSection
EndGlobal
